
Microsoft Visual Studio Solution File, Format Version 12.00
# Visual Studio 15
VisualStudioVersion = 15.0.27703.2026
MinimumVisualStudioVersion = 10.0.40219.1
Project("{FAE04EC0-301F-11D3-BF4B-00C04F79EFBC}") = "TestGitHub", "TestGitHub\TestGitHub.csproj", "{F7F47B6B-FE48-420F-ABC3-780EA879795F}"
EndProject
Global
	GlobalSection(SolutionConfigurationPlatforms) = preSolution
		Debug|Any CPU = Debug|Any CPU
		Release|Any CPU = Release|Any CPU
	EndGlobalSection
	GlobalSection(ProjectConfigurationPlatforms) = postSolution
		{F7F47B6B-FE48-420F-ABC3-780EA879795F}.Debug|Any CPU.ActiveCfg = Debug|Any CPU
		{F7F47B6B-FE48-420F-ABC3-780EA879795F}.Debug|Any CPU.Build.0 = Debug|Any CPU
		{F7F47B6B-FE48-420F-ABC3-780EA879795F}.Release|Any CPU.ActiveCfg = Release|Any CPU
		{F7F47B6B-FE48-420F-ABC3-780EA879795F}.Release|Any CPU.Build.0 = Release|Any CPU
	EndGlobalSection
	GlobalSection(SolutionProperties) = preSolution
		HideSolutionNode = FALSE
	EndGlobalSection
	GlobalSection(ExtensibilityGlobals) = postSolution
		SolutionGuid = {18FC5413-7508-462D-BE24-369702F1F841}
	EndGlobalSection
EndGlobal
